
Microsoft Visual Studio Solution File, Format Version 12.00
# Visual Studio Version 16
VisualStudioVersion = 16.0.30406.217
MinimumVisualStudioVersion = 10.0.40219.1
Project("{FAE04EC0-301F-11D3-BF4B-00C04F79EFBC}") = "He thong ho tro y te", "He thong ho tro y te\He thong ho tro y te.csproj", "{7603DAF4-750D-4F5F-AE88-85DE8F205D24}"
EndProject
Global
	GlobalSection(SolutionConfigurationPlatforms) = preSolution
		Debug|Any CPU = Debug|Any CPU
		Release|Any CPU = Release|Any CPU
	EndGlobalSection
	GlobalSection(ProjectConfigurationPlatforms) = postSolution
		{7603DAF4-750D-4F5F-AE88-85DE8F205D24}.Debug|Any CPU.ActiveCfg = Debug|Any CPU
		{7603DAF4-750D-4F5F-AE88-85DE8F205D24}.Debug|Any CPU.Build.0 = Debug|Any CPU
		{7603DAF4-750D-4F5F-AE88-85DE8F205D24}.Release|Any CPU.ActiveCfg = Release|Any CPU
		{7603DAF4-750D-4F5F-AE88-85DE8F205D24}.Release|Any CPU.Build.0 = Release|Any CPU
	EndGlobalSection
	GlobalSection(SolutionProperties) = preSolution
		HideSolutionNode = FALSE
	EndGlobalSection
	GlobalSection(ExtensibilityGlobals) = postSolution
		SolutionGuid = {18FA78C3-A419-4E04-9AD4-29D0DAB6BC9C}
	EndGlobalSection
EndGlobal
